
Microsoft Visual Studio Solution File, Format Version 12.00
# Visual Studio Version 17
VisualStudioVersion = 17.0.31903.59
MinimumVisualStudioVersion = 10.0.40219.1
Project("{FAE04EC0-301F-11D3-BF4B-00C04F79EFBC}") = "API", "API\API.csproj", "{02722563-058C-49C2-9697-4BDAAAC68B5A}"
EndProject
Project("{FAE04EC0-301F-11D3-BF4B-00C04F79EFBC}") = "Application", "Application\Application.csproj", "{CD1FC95D-10FE-4B6F-8C10-D0B06F87566B}"
EndProject
Project("{FAE04EC0-301F-11D3-BF4B-00C04F79EFBC}") = "Domain", "Domain\Domain.csproj", "{62EFBFB3-C005-41A4-A8B0-6F6528C2AA91}"
EndProject
Project("{FAE04EC0-301F-11D3-BF4B-00C04F79EFBC}") = "Persistence", "Persistence\Persistence.csproj", "{D34B025B-40DE-4325-9342-8C77C9A61D25}"
EndProject
Global
	GlobalSection(SolutionConfigurationPlatforms) = preSolution
		Debug|Any CPU = Debug|Any CPU
		Release|Any CPU = Release|Any CPU
	EndGlobalSection
	GlobalSection(SolutionProperties) = preSolution
		HideSolutionNode = FALSE
	EndGlobalSection
	GlobalSection(ProjectConfigurationPlatforms) = postSolution
		{02722563-058C-49C2-9697-4BDAAAC68B5A}.Debug|Any CPU.ActiveCfg = Debug|Any CPU
		{02722563-058C-49C2-9697-4BDAAAC68B5A}.Debug|Any CPU.Build.0 = Debug|Any CPU
		{02722563-058C-49C2-9697-4BDAAAC68B5A}.Release|Any CPU.ActiveCfg = Release|Any CPU
		{02722563-058C-49C2-9697-4BDAAAC68B5A}.Release|Any CPU.Build.0 = Release|Any CPU
		{CD1FC95D-10FE-4B6F-8C10-D0B06F87566B}.Debug|Any CPU.ActiveCfg = Debug|Any CPU
		{CD1FC95D-10FE-4B6F-8C10-D0B06F87566B}.Debug|Any CPU.Build.0 = Debug|Any CPU
		{CD1FC95D-10FE-4B6F-8C10-D0B06F87566B}.Release|Any CPU.ActiveCfg = Release|Any CPU
		{CD1FC95D-10FE-4B6F-8C10-D0B06F87566B}.Release|Any CPU.Build.0 = Release|Any CPU
		{62EFBFB3-C005-41A4-A8B0-6F6528C2AA91}.Debug|Any CPU.ActiveCfg = Debug|Any CPU
		{62EFBFB3-C005-41A4-A8B0-6F6528C2AA91}.Debug|Any CPU.Build.0 = Debug|Any CPU
		{62EFBFB3-C005-41A4-A8B0-6F6528C2AA91}.Release|Any CPU.ActiveCfg = Release|Any CPU
		{62EFBFB3-C005-41A4-A8B0-6F6528C2AA91}.Release|Any CPU.Build.0 = Release|Any CPU
		{D34B025B-40DE-4325-9342-8C77C9A61D25}.Debug|Any CPU.ActiveCfg = Debug|Any CPU
		{D34B025B-40DE-4325-9342-8C77C9A61D25}.Debug|Any CPU.Build.0 = Debug|Any CPU
		{D34B025B-40DE-4325-9342-8C77C9A61D25}.Release|Any CPU.ActiveCfg = Release|Any CPU
		{D34B025B-40DE-4325-9342-8C77C9A61D25}.Release|Any CPU.Build.0 = Release|Any CPU
	EndGlobalSection
EndGlobal
